
Microsoft Visual Studio Solution File, Format Version 12.00
# Visual Studio 15
VisualStudioVersion = 15.0.26730.16
MinimumVisualStudioVersion = 10.0.40219.1
Project("{8BC9CEB8-8B4A-11D0-8D11-00A0C91BC942}") = "Practica4STL", "Practica4STL\Practica4STL.vcxproj", "{572AE62B-A924-4E4D-BA2E-2A063A176108}"
EndProject
Global
	GlobalSection(SolutionConfigurationPlatforms) = preSolution
		Debug|x64 = Debug|x64
		Debug|x86 = Debug|x86
		Release|x64 = Release|x64
		Release|x86 = Release|x86
	EndGlobalSection
	GlobalSection(ProjectConfigurationPlatforms) = postSolution
		{572AE62B-A924-4E4D-BA2E-2A063A176108}.Debug|x64.ActiveCfg = Debug|x64
		{572AE62B-A924-4E4D-BA2E-2A063A176108}.Debug|x64.Build.0 = Debug|x64
		{572AE62B-A924-4E4D-BA2E-2A063A176108}.Debug|x86.ActiveCfg = Debug|Win32
		{572AE62B-A924-4E4D-BA2E-2A063A176108}.Debug|x86.Build.0 = Debug|Win32
		{572AE62B-A924-4E4D-BA2E-2A063A176108}.Release|x64.ActiveCfg = Release|x64
		{572AE62B-A924-4E4D-BA2E-2A063A176108}.Release|x64.Build.0 = Release|x64
		{572AE62B-A924-4E4D-BA2E-2A063A176108}.Release|x86.ActiveCfg = Release|Win32
		{572AE62B-A924-4E4D-BA2E-2A063A176108}.Release|x86.Build.0 = Release|Win32
	EndGlobalSection
	GlobalSection(SolutionProperties) = preSolution
		HideSolutionNode = FALSE
	EndGlobalSection
	GlobalSection(ExtensibilityGlobals) = postSolution
		SolutionGuid = {D39BABB9-B731-4983-8084-21CDF6F36416}
	EndGlobalSection
EndGlobal
